{
  "version": 4,
  "terraform_version": "1.5.7",
  "serial": 3,
  "lineage": "e76c1b81-5b3f-10d6-df6e-5b7a0119f877",
  "outputs": {},
  "resources": [
    {
      "mode": "managed",
      "type": "github_repository",
      "name": "Terraform",
      "provider": "provider[\"registry.terraform.io/integrations/github\"]",
      "instances": [
        {
          "schema_version": 0,
          "attributes": {
            "allow_auto_merge": false,
            "allow_merge_commit": true,
            "allow_rebase_merge": true,
            "allow_squash_merge": true,
            "archive_on_destroy": null,
            "archived": false,
            "auto_init": null,
            "default_branch": "main",
            "delete_branch_on_merge": false,
            "description": "all Terraform demo files",
            "etag": "W/\"55faf70159be4c78fb0412865122b3c92d1407f6db9e2f79dba34c5cac9216b3\"",
            "full_name": "NaseemaSyed/Nas_Terraform",
            "git_clone_url": "git://github.com/NaseemaSyed/Nas_Terraform.git",
            "gitignore_template": null,
            "has_downloads": false,
            "has_issues": false,
            "has_projects": false,
            "has_wiki": false,
            "homepage_url": "",
            "html_url": "https://github.com/NaseemaSyed/Nas_Terraform",
            "http_clone_url": "https://github.com/NaseemaSyed/Nas_Terraform.git",
            "id": "Nas_Terraform",
            "is_template": false,
            "license_template": null,
            "name": "Nas_Terraform",
            "node_id": "R_kgDOKZQgCA",
            "pages": [],
            "private": false,
            "repo_id": 697573384,
            "ssh_clone_url": "git@github.com:NaseemaSyed/Nas_Terraform.git",
            "svn_url": "https://github.com/NaseemaSyed/Nas_Terraform",
            "template": [],
            "topics": null,
            "visibility": "public",
            "vulnerability_alerts": false
          },
          "sensitive_attributes": [],
          "private": "bnVsbA=="
        }
      ]
    }
  ],
  "check_results": null
}
